{
  "object": {
    "pins": [
      {
        "package": "BanubaARCloudSDK",
        "repositoryURL": "https://github.com/Banuba/BanubaARCloudSDK-IOS.git",
        "state": {
          "branch": null,
          "revision": "82125a80d9479dca2574e3df6a363b2f5e1c3490",
          "version": "1.21.0"
        }
      },
      {
        "package": "BanubaAudioBrowserSDK",
        "repositoryURL": "https://github.com/Banuba/BanubaAudioBrowserSDK-iOS.git",
        "state": {
          "branch": null,
          "revision": "d932df50353cde5c931d225f08d6995a75fff03c",
          "version": "1.21.0"
        }
      },
      {
        "package": "BanubaEffectPlayer",
        "repositoryURL": "https://github.com/Banuba/BanubaEffectPlayer-iOS.git",
        "state": {
          "branch": null,
          "revision": "70d8a6eba32ce2d52f92cfad2f7f742a5c691b27",
          "version": "1.21.0"
        }
      },
      {
        "package": "BanubaLicenseServicingSDK",
        "repositoryURL": "https://github.com/Banuba/BanubaLicenseServicingSDK.git",
        "state": {
          "branch": null,
          "revision": "c65b24edda1f63785b03c58baf627afdad80b934",
          "version": "1.21.0"
        }
      },
      {
        "package": "BanubaMusicEditorSDK",
        "repositoryURL": "https://github.com/Banuba/BanubaMusicEditorSDK-iOS.git",
        "state": {
          "branch": null,
          "revision": "779d5aa6e450204797be6b689ae6dea367f3813d",
          "version": "1.21.0"
        }
      },
      {
        "package": "BanubaOverlayEditorSDK",
        "repositoryURL": "https://github.com/Banuba/BanubaOverlayEditorSDK-iOS.git",
        "state": {
          "branch": null,
          "revision": "550ef34f7b9ee4a30791e3f28bea5c681cfe6b54",
          "version": "1.21.0"
        }
      },
      {
        "package": "BanubaSdk",
        "repositoryURL": "https://github.com/Banuba/BanubaSDK-iOS.git",
        "state": {
          "branch": null,
          "revision": "e21750350eb560657082d65f1a8b87d0ab05e535",
          "version": "1.21.0"
        }
      },
      {
        "package": "BanubaSDKServicing",
        "repositoryURL": "https://github.com/Banuba/BanubaSDKServicing-iOS.git",
        "state": {
          "branch": null,
          "revision": "e94e31b093e5f2278ca9cb989a1a11583e9463bf",
          "version": "1.21.0"
        }
      },
      {
        "package": "BanubaSdkSimple",
        "repositoryURL": "https://github.com/Banuba/BanubaSDKSimple-IOS.git",
        "state": {
          "branch": null,
          "revision": "599955e240ea20cd77c2abffda59247bb953c17a",
          "version": "1.21.0"
        }
      },
      {
        "package": "BanubaTokenStorageSDK",
        "repositoryURL": "https://github.com/Banuba/BanubaTokenStorageSDK-iOS.git",
        "state": {
          "branch": null,
          "revision": "7539662cdfc6e1c5c9af8bd7f59398d74a331ff1",
          "version": "1.21.0"
        }
      },
      {
        "package": "BanubaUtilities",
        "repositoryURL": "https://github.com/Banuba/BanubaUtilities-iOS.git",
        "state": {
          "branch": null,
          "revision": "a403607091aacfdaa4dfb7a97a3ecc03a41fd065",
          "version": "1.21.0"
        }
      },
      {
        "package": "BanubaVideoEditorEffectsSDK",
        "repositoryURL": "https://github.com/Banuba/BanubaVideoEditorEffectsSDK-iOS.git",
        "state": {
          "branch": null,
          "revision": "7399ae17a1f3132ca4363d668b250701df74a4f8",
          "version": "1.21.0"
        }
      },
      {
        "package": "BanubaVideoEditorGallerySDK",
        "repositoryURL": "https://github.com/Banuba/BanubaVideoEditorGallerySDK.git",
        "state": {
          "branch": null,
          "revision": "70a25f58b6c032c2cf7a9ad483c79b81537e3328",
          "version": "1.21.0"
        }
      },
      {
        "package": "BanubaVideoEditorSDK",
        "repositoryURL": "https://github.com/Banuba/BanubaVideoEditorSDK-iOS.git",
        "state": {
          "branch": null,
          "revision": "9f751e84084ee6d229d8e2fbc4b738fa4f225565",
          "version": "1.21.0"
        }
      },
      {
        "package": "BanubaVideoEditorTrimSDK",
        "repositoryURL": "https://github.com/Banuba/BanubaVideoEditorTrimSDK-iOS.git",
        "state": {
          "branch": null,
          "revision": "71d66bb39fd14f8575f685bbeddd2cf1fa5ba4f9",
          "version": "1.21.0"
        }
      },
      {
        "package": "BNBLicenseUtils",
        "repositoryURL": "https://github.com/Banuba/BNBLicenseUtils-iOS.git",
        "state": {
          "branch": null,
          "revision": "0c509cfdcf44e63ab30999a66f476247e20fbe4d",
          "version": "1.21.0"
        }
      },
      {
        "package": "VideoEditor",
        "repositoryURL": "https://github.com/Banuba/VideoEditor-iOS.git",
        "state": {
          "branch": null,
          "revision": "86a338d123a7a0ab0bdcca0b68814ca123b742a4",
          "version": "1.21.0"
        }
      }
    ]
  },
  "version": 1
}
