{
  "object": {
    "pins": [
      {
        "package": "BanubaARCloudSDK",
        "repositoryURL": "https://github.com/Banuba/BanubaARCloudSDK-IOS.git",
        "state": {
          "branch": null,
          "revision": "0690e64dfe6fcac291e07039eb04f0ff2e634a0f",
          "version": "1.29.2"
        }
      },
      {
        "package": "BanubaAudioBrowserSDK",
        "repositoryURL": "https://github.com/Banuba/BanubaAudioBrowserSDK-iOS.git",
        "state": {
          "branch": null,
          "revision": "4114b96410a00288e6268e6407c7d1c74a706b63",
          "version": "1.29.2"
        }
      },
      {
        "package": "BanubaEffectPlayer",
        "repositoryURL": "https://github.com/Banuba/BanubaEffectPlayer-iOS.git",
        "state": {
          "branch": null,
          "revision": "6796998245d2e20366e383c6277c7e82cdaf06c4",
          "version": "1.29.2"
        }
      },
      {
        "package": "BanubaLicenseServicingSDK",
        "repositoryURL": "https://github.com/Banuba/BanubaLicenseServicingSDK.git",
        "state": {
          "branch": null,
          "revision": "6935a6a0b9ee809bf27989067fae7f67cfcb0436",
          "version": "1.29.2"
        }
      },
      {
        "package": "BanubaSdk",
        "repositoryURL": "https://github.com/Banuba/BanubaSDK-iOS.git",
        "state": {
          "branch": null,
          "revision": "53ef1304950945022c3c7bb32a215a81f6b98b4e",
          "version": "1.29.2"
        }
      },
      {
        "package": "BanubaSDKServicing",
        "repositoryURL": "https://github.com/Banuba/BanubaSDKServicing-iOS.git",
        "state": {
          "branch": null,
          "revision": "41e8f4b0c57723b303dc4f2415d75e435028b751",
          "version": "1.29.2"
        }
      },
      {
        "package": "BanubaSdkSimple",
        "repositoryURL": "https://github.com/Banuba/BanubaSDKSimple-IOS.git",
        "state": {
          "branch": null,
          "revision": "48c7bc6a2a3ad7e43d7f21d0ed541eb505c30244",
          "version": "1.29.2"
        }
      },
      {
        "package": "BanubaUtilities",
        "repositoryURL": "https://github.com/Banuba/BanubaUtilities-iOS.git",
        "state": {
          "branch": null,
          "revision": "899a101c0ff25b521621a5e9c824a35d36ec2f4c",
          "version": "1.29.2"
        }
      },
      {
        "package": "BanubaVideoEditorGallerySDK",
        "repositoryURL": "https://github.com/Banuba/BanubaVideoEditorGallerySDK.git",
        "state": {
          "branch": null,
          "revision": "ad5cf3d3bbf093955389ae72b30add306a7d2c2c",
          "version": "1.29.2"
        }
      },
      {
        "package": "BanubaVideoEditorSDK",
        "repositoryURL": "https://github.com/Banuba/BanubaVideoEditorSDK-iOS.git",
        "state": {
          "branch": null,
          "revision": "28f43d24610c37c332e605d1839f53baa036467e",
          "version": "1.29.2"
        }
      },
      {
        "package": "BNBLicenseUtils",
        "repositoryURL": "https://github.com/Banuba/BNBLicenseUtils-iOS.git",
        "state": {
          "branch": null,
          "revision": "d79b6195582fb554a74ecc133619d609ec63e702",
          "version": "1.29.2"
        }
      },
      {
        "package": "VEEffectsSDK",
        "repositoryURL": "https://github.com/Banuba/VEEffectsSDK-iOS.git",
        "state": {
          "branch": null,
          "revision": "78bd57e7ed7ea0a6ea30f4b85c76fee5b247c84d",
          "version": "1.29.2"
        }
      },
      {
        "package": "VEExportSDK",
        "repositoryURL": "https://github.com/Banuba/VEExportSDK-iOS.git",
        "state": {
          "branch": null,
          "revision": "cbf91b18ca3365154e674390f0904dee155aa581",
          "version": "1.29.2"
        }
      },
      {
        "package": "VEPlaybackSDK",
        "repositoryURL": "https://github.com/Banuba/VEPlaybackSDK-iOS.git",
        "state": {
          "branch": null,
          "revision": "ed7edf4530c3a65f1d44bad0edfcf75863079904",
          "version": "1.29.2"
        }
      },
      {
        "package": "VideoEditor",
        "repositoryURL": "https://github.com/Banuba/VideoEditor-iOS.git",
        "state": {
          "branch": null,
          "revision": "db6076dfd4ce3224b5f4bb472bcf508496fdeb1e",
          "version": "1.29.2"
        }
      }
    ]
  },
  "version": 1
}
